// !$*UTF8*$!
{
	archiveVersion = 1;
	classes = {
	};
	objectVersion = 46;
	objects = {

/* Begin PBXBuildFile section */
		112F01A51AC547D600FCB44D /* BOXMetadata.m in Sources */ = {isa = PBXBuildFile; fileRef = 112F01A41AC547D600FCB44D /* BOXMetadata.m */; };
		112F01A81AC54FB400FCB44D /* BOXMetadataInfoRequest.m in Sources */ = {isa = PBXBuildFile; fileRef = 112F01A71AC54FB400FCB44D /* BOXMetadataInfoRequest.m */; };
		112F01AB1AC5621E00FCB44D /* BOXMetadataCreateRequest.m in Sources */ = {isa = PBXBuildFile; fileRef = 112F01AA1AC5621E00FCB44D /* BOXMetadataCreateRequest.m */; };
		112F01AE1AC569F500FCB44D /* BOXMetadataUpdateRequest.m in Sources */ = {isa = PBXBuildFile; fileRef = 112F01AD1AC569F500FCB44D /* BOXMetadataUpdateRequest.m */; };
		C497E5931AC51DF200476FC9 /* main.m in Sources */ = {isa = PBXBuildFile; fileRef = C497E5921AC51DF200476FC9 /* main.m */; };
		C497E5961AC51DF200476FC9 /* AppDelegate.m in Sources */ = {isa = PBXBuildFile; fileRef = C497E5951AC51DF200476FC9 /* AppDelegate.m */; };
		C497E59E1AC51DF200476FC9 /* Images.xcassets in Resources */ = {isa = PBXBuildFile; fileRef = C497E59D1AC51DF200476FC9 /* Images.xcassets */; };
		C497E5A11AC51DF200476FC9 /* LaunchScreen.xib in Resources */ = {isa = PBXBuildFile; fileRef = C497E59F1AC51DF200476FC9 /* LaunchScreen.xib */; };
		C497E5AD1AC51DF200476FC9 /* InstaTagTests.m in Sources */ = {isa = PBXBuildFile; fileRef = C497E5AC1AC51DF200476FC9 /* InstaTagTests.m */; };
		C497E5C11AC538CD00476FC9 /* BrowseViewController.m in Sources */ = {isa = PBXBuildFile; fileRef = C497E5BF1AC538CD00476FC9 /* BrowseViewController.m */; };
		C497E5C21AC538CD00476FC9 /* BrowseViewController.xib in Resources */ = {isa = PBXBuildFile; fileRef = C497E5C01AC538CD00476FC9 /* BrowseViewController.xib */; };
		C497E5C61AC538E300476FC9 /* TagViewController.m in Sources */ = {isa = PBXBuildFile; fileRef = C497E5C41AC538E300476FC9 /* TagViewController.m */; };
		C497E5C71AC538E300476FC9 /* TagViewController.xib in Resources */ = {isa = PBXBuildFile; fileRef = C497E5C51AC538E300476FC9 /* TagViewController.xib */; };
		C497E5D01AC53FAB00476FC9 /* LoginViewController.m in Sources */ = {isa = PBXBuildFile; fileRef = C497E5CE1AC53FAB00476FC9 /* LoginViewController.m */; };
		C497E5D11AC53FAB00476FC9 /* LoginViewController.xib in Resources */ = {isa = PBXBuildFile; fileRef = C497E5CF1AC53FAB00476FC9 /* LoginViewController.xib */; };
		C497E5D51AC5670000476FC9 /* CamFindClient.m in Sources */ = {isa = PBXBuildFile; fileRef = C497E5D41AC5670000476FC9 /* CamFindClient.m */; };
		FD2DBE83B27F79F97F688002 /* libPods.a in Frameworks */ = {isa = PBXBuildFile; fileRef = C2CF3792433C9E48611CAB07 /* libPods.a */; };
/* End PBXBuildFile section */

/* Begin PBXContainerItemProxy section */
		C497E5A71AC51DF200476FC9 /* PBXContainerItemProxy */ = {
			isa = PBXContainerItemProxy;
			containerPortal = C497E5851AC51DF200476FC9 /* Project object */;
			proxyType = 1;
			remoteGlobalIDString = C497E58C1AC51DF200476FC9;
			remoteInfo = InstaTag;
		};
/* End PBXContainerItemProxy section */

/* Begin PBXFileReference section */
		112F01A31AC547D600FCB44D /* BOXMetadata.h */ = {isa = PBXFileReference; fileEncoding = 4; lastKnownFileType = sourcecode.c.h; path = BOXMetadata.h; sourceTree = "<group>"; };
		112F01A41AC547D600FCB44D /* BOXMetadata.m */ = {isa = PBXFileReference; fileEncoding = 4; lastKnownFileType = sourcecode.c.objc; path = BOXMetadata.m; sourceTree = "<group>"; };
		112F01A61AC54FB400FCB44D /* BOXMetadataInfoRequest.h */ = {isa = PBXFileReference; fileEncoding = 4; lastKnownFileType = sourcecode.c.h; path = BOXMetadataInfoRequest.h; sourceTree = "<group>"; };
		112F01A71AC54FB400FCB44D /* BOXMetadataInfoRequest.m */ = {isa = PBXFileReference; fileEncoding = 4; lastKnownFileType = sourcecode.c.objc; path = BOXMetadataInfoRequest.m; sourceTree = "<group>"; };
		112F01A91AC5621E00FCB44D /* BOXMetadataCreateRequest.h */ = {isa = PBXFileReference; fileEncoding = 4; lastKnownFileType = sourcecode.c.h; path = BOXMetadataCreateRequest.h; sourceTree = "<group>"; };
		112F01AA1AC5621E00FCB44D /* BOXMetadataCreateRequest.m */ = {isa = PBXFileReference; fileEncoding = 4; lastKnownFileType = sourcecode.c.objc; path = BOXMetadataCreateRequest.m; sourceTree = "<group>"; };
		112F01AC1AC569F500FCB44D /* BOXMetadataUpdateRequest.h */ = {isa = PBXFileReference; fileEncoding = 4; lastKnownFileType = sourcecode.c.h; path = BOXMetadataUpdateRequest.h; sourceTree = "<group>"; };
		112F01AD1AC569F500FCB44D /* BOXMetadataUpdateRequest.m */ = {isa = PBXFileReference; fileEncoding = 4; lastKnownFileType = sourcecode.c.objc; path = BOXMetadataUpdateRequest.m; sourceTree = "<group>"; };
		4852EB4A7EDF1669DD3C67CA /* Pods.release.xcconfig */ = {isa = PBXFileReference; includeInIndex = 1; lastKnownFileType = text.xcconfig; name = Pods.release.xcconfig; path = "Pods/Target Support Files/Pods/Pods.release.xcconfig"; sourceTree = "<group>"; };
		99C4941343C342BD4AB1D695 /* Pods.debug.xcconfig */ = {isa = PBXFileReference; includeInIndex = 1; lastKnownFileType = text.xcconfig; name = Pods.debug.xcconfig; path = "Pods/Target Support Files/Pods/Pods.debug.xcconfig"; sourceTree = "<group>"; };
		C2CF3792433C9E48611CAB07 /* libPods.a */ = {isa = PBXFileReference; explicitFileType = archive.ar; includeInIndex = 0; path = libPods.a; sourceTree = BUILT_PRODUCTS_DIR; };
		C497E58D1AC51DF200476FC9 /* InstaTag.app */ = {isa = PBXFileReference; explicitFileType = wrapper.application; includeInIndex = 0; path = InstaTag.app; sourceTree = BUILT_PRODUCTS_DIR; };
		C497E5911AC51DF200476FC9 /* Info.plist */ = {isa = PBXFileReference; lastKnownFileType = text.plist.xml; path = Info.plist; sourceTree = "<group>"; };
		C497E5921AC51DF200476FC9 /* main.m */ = {isa = PBXFileReference; lastKnownFileType = sourcecode.c.objc; path = main.m; sourceTree = "<group>"; };
		C497E5941AC51DF200476FC9 /* AppDelegate.h */ = {isa = PBXFileReference; lastKnownFileType = sourcecode.c.h; path = AppDelegate.h; sourceTree = "<group>"; };
		C497E5951AC51DF200476FC9 /* AppDelegate.m */ = {isa = PBXFileReference; lastKnownFileType = sourcecode.c.objc; path = AppDelegate.m; sourceTree = "<group>"; };
		C497E59D1AC51DF200476FC9 /* Images.xcassets */ = {isa = PBXFileReference; lastKnownFileType = folder.assetcatalog; path = Images.xcassets; sourceTree = "<group>"; };
		C497E5A01AC51DF200476FC9 /* Base */ = {isa = PBXFileReference; lastKnownFileType = file.xib; name = Base; path = Base.lproj/LaunchScreen.xib; sourceTree = "<group>"; };
		C497E5A61AC51DF200476FC9 /* InstaTagTests.xctest */ = {isa = PBXFileReference; explicitFileType = wrapper.cfbundle; includeInIndex = 0; path = InstaTagTests.xctest; sourceTree = BUILT_PRODUCTS_DIR; };
		C497E5AB1AC51DF200476FC9 /* Info.plist */ = {isa = PBXFileReference; lastKnownFileType = text.plist.xml; path = Info.plist; sourceTree = "<group>"; };
		C497E5AC1AC51DF200476FC9 /* InstaTagTests.m */ = {isa = PBXFileReference; lastKnownFileType = sourcecode.c.objc; path = InstaTagTests.m; sourceTree = "<group>"; };
		C497E5BE1AC538CD00476FC9 /* BrowseViewController.h */ = {isa = PBXFileReference; fileEncoding = 4; lastKnownFileType = sourcecode.c.h; path = BrowseViewController.h; sourceTree = "<group>"; };
		C497E5BF1AC538CD00476FC9 /* BrowseViewController.m */ = {isa = PBXFileReference; fileEncoding = 4; lastKnownFileType = sourcecode.c.objc; path = BrowseViewController.m; sourceTree = "<group>"; };
		C497E5C01AC538CD00476FC9 /* BrowseViewController.xib */ = {isa = PBXFileReference; fileEncoding = 4; lastKnownFileType = file.xib; path = BrowseViewController.xib; sourceTree = "<group>"; };
		C497E5C31AC538E300476FC9 /* TagViewController.h */ = {isa = PBXFileReference; fileEncoding = 4; lastKnownFileType = sourcecode.c.h; path = TagViewController.h; sourceTree = "<group>"; };
		C497E5C41AC538E300476FC9 /* TagViewController.m */ = {isa = PBXFileReference; fileEncoding = 4; lastKnownFileType = sourcecode.c.objc; path = TagViewController.m; sourceTree = "<group>"; };
		C497E5C51AC538E300476FC9 /* TagViewController.xib */ = {isa = PBXFileReference; fileEncoding = 4; lastKnownFileType = file.xib; path = TagViewController.xib; sourceTree = "<group>"; };
		C497E5CD1AC53FAB00476FC9 /* LoginViewController.h */ = {isa = PBXFileReference; fileEncoding = 4; lastKnownFileType = sourcecode.c.h; path = LoginViewController.h; sourceTree = "<group>"; };
		C497E5CE1AC53FAB00476FC9 /* LoginViewController.m */ = {isa = PBXFileReference; fileEncoding = 4; lastKnownFileType = sourcecode.c.objc; path = LoginViewController.m; sourceTree = "<group>"; };
		C497E5CF1AC53FAB00476FC9 /* LoginViewController.xib */ = {isa = PBXFileReference; fileEncoding = 4; lastKnownFileType = file.xib; path = LoginViewController.xib; sourceTree = "<group>"; };
		C497E5D31AC5670000476FC9 /* CamFindClient.h */ = {isa = PBXFileReference; fileEncoding = 4; lastKnownFileType = sourcecode.c.h; path = CamFindClient.h; sourceTree = "<group>"; };
		C497E5D41AC5670000476FC9 /* CamFindClient.m */ = {isa = PBXFileReference; fileEncoding = 4; lastKnownFileType = sourcecode.c.objc; path = CamFindClient.m; sourceTree = "<group>"; };
/* End PBXFileReference section */

/* Begin PBXFrameworksBuildPhase section */
		C497E58A1AC51DF200476FC9 /* Frameworks */ = {
			isa = PBXFrameworksBuildPhase;
			buildActionMask = 2147483647;
			files = (
				FD2DBE83B27F79F97F688002 /* libPods.a in Frameworks */,
			);
			runOnlyForDeploymentPostprocessing = 0;
		};
		C497E5A31AC51DF200476FC9 /* Frameworks */ = {
			isa = PBXFrameworksBuildPhase;
			buildActionMask = 2147483647;
			files = (
			);
			runOnlyForDeploymentPostprocessing = 0;
		};
/* End PBXFrameworksBuildPhase section */

/* Begin PBXGroup section */
		C497E5841AC51DF200476FC9 = {
			isa = PBXGroup;
			children = (
				C497E58F1AC51DF200476FC9 /* InstaTag */,
				C497E5A91AC51DF200476FC9 /* InstaTagTests */,
				C497E58E1AC51DF200476FC9 /* Products */,
				FC06701A3FDFBD8B8B5D814C /* Pods */,
				F62EC0ED0F2D6EBAAAEC5B15 /* Frameworks */,
			);
			sourceTree = "<group>";
		};
		C497E58E1AC51DF200476FC9 /* Products */ = {
			isa = PBXGroup;
			children = (
				C497E58D1AC51DF200476FC9 /* InstaTag.app */,
				C497E5A61AC51DF200476FC9 /* InstaTagTests.xctest */,
			);
			name = Products;
			sourceTree = "<group>";
		};
		C497E58F1AC51DF200476FC9 /* InstaTag */ = {
			isa = PBXGroup;
			children = (
				C497E5D21AC55CBF00476FC9 /* API */,
				C497E5B81AC521B900476FC9 /* View Controllers */,
				C497E5B71AC521B300476FC9 /* Views */,
				C497E5B61AC521AA00476FC9 /* Models */,
				C497E5941AC51DF200476FC9 /* AppDelegate.h */,
				C497E5951AC51DF200476FC9 /* AppDelegate.m */,
				C497E59D1AC51DF200476FC9 /* Images.xcassets */,
				C497E59F1AC51DF200476FC9 /* LaunchScreen.xib */,
				C497E5901AC51DF200476FC9 /* Supporting Files */,
			);
			path = InstaTag;
			sourceTree = "<group>";
		};
		C497E5901AC51DF200476FC9 /* Supporting Files */ = {
			isa = PBXGroup;
			children = (
				C497E5911AC51DF200476FC9 /* Info.plist */,
				C497E5921AC51DF200476FC9 /* main.m */,
			);
			name = "Supporting Files";
			sourceTree = "<group>";
		};
		C497E5A91AC51DF200476FC9 /* InstaTagTests */ = {
			isa = PBXGroup;
			children = (
				C497E5AC1AC51DF200476FC9 /* InstaTagTests.m */,
				C497E5AA1AC51DF200476FC9 /* Supporting Files */,
			);
			path = InstaTagTests;
			sourceTree = "<group>";
		};
		C497E5AA1AC51DF200476FC9 /* Supporting Files */ = {
			isa = PBXGroup;
			children = (
				C497E5AB1AC51DF200476FC9 /* Info.plist */,
			);
			name = "Supporting Files";
			sourceTree = "<group>";
		};
		C497E5B61AC521AA00476FC9 /* Models */ = {
			isa = PBXGroup;
			children = (
				112F01A31AC547D600FCB44D /* BOXMetadata.h */,
				112F01A41AC547D600FCB44D /* BOXMetadata.m */,
				112F01A61AC54FB400FCB44D /* BOXMetadataInfoRequest.h */,
				112F01A71AC54FB400FCB44D /* BOXMetadataInfoRequest.m */,
				112F01A91AC5621E00FCB44D /* BOXMetadataCreateRequest.h */,
				112F01AA1AC5621E00FCB44D /* BOXMetadataCreateRequest.m */,
				112F01AC1AC569F500FCB44D /* BOXMetadataUpdateRequest.h */,
				112F01AD1AC569F500FCB44D /* BOXMetadataUpdateRequest.m */,
			);
			name = Models;
			sourceTree = "<group>";
		};
		C497E5B71AC521B300476FC9 /* Views */ = {
			isa = PBXGroup;
			children = (
			);
			name = Views;
			sourceTree = "<group>";
		};
		C497E5B81AC521B900476FC9 /* View Controllers */ = {
			isa = PBXGroup;
			children = (
				C497E5CD1AC53FAB00476FC9 /* LoginViewController.h */,
				C497E5CE1AC53FAB00476FC9 /* LoginViewController.m */,
				C497E5CF1AC53FAB00476FC9 /* LoginViewController.xib */,
				C497E5BE1AC538CD00476FC9 /* BrowseViewController.h */,
				C497E5BF1AC538CD00476FC9 /* BrowseViewController.m */,
				C497E5C01AC538CD00476FC9 /* BrowseViewController.xib */,
				C497E5C31AC538E300476FC9 /* TagViewController.h */,
				C497E5C41AC538E300476FC9 /* TagViewController.m */,
				C497E5C51AC538E300476FC9 /* TagViewController.xib */,
			);
			name = "View Controllers";
			sourceTree = "<group>";
		};
		C497E5D21AC55CBF00476FC9 /* API */ = {
			isa = PBXGroup;
			children = (
				C497E5D31AC5670000476FC9 /* CamFindClient.h */,
				C497E5D41AC5670000476FC9 /* CamFindClient.m */,
			);
			name = API;
			sourceTree = "<group>";
		};
		F62EC0ED0F2D6EBAAAEC5B15 /* Frameworks */ = {
			isa = PBXGroup;
			children = (
				C2CF3792433C9E48611CAB07 /* libPods.a */,
			);
			name = Frameworks;
			sourceTree = "<group>";
		};
		FC06701A3FDFBD8B8B5D814C /* Pods */ = {
			isa = PBXGroup;
			children = (
				99C4941343C342BD4AB1D695 /* Pods.debug.xcconfig */,
				4852EB4A7EDF1669DD3C67CA /* Pods.release.xcconfig */,
			);
			name = Pods;
			sourceTree = "<group>";
		};
/* End PBXGroup section */

/* Begin PBXNativeTarget section */
		C497E58C1AC51DF200476FC9 /* InstaTag */ = {
			isa = PBXNativeTarget;
			buildConfigurationList = C497E5B01AC51DF200476FC9 /* Build configuration list for PBXNativeTarget "InstaTag" */;
			buildPhases = (
				FDE9FA4CB2C657176769A5F9 /* Check Pods Manifest.lock */,
				C497E5891AC51DF200476FC9 /* Sources */,
				C497E58A1AC51DF200476FC9 /* Frameworks */,
				C497E58B1AC51DF200476FC9 /* Resources */,
				B1F7201423A90ACAC4158086 /* Copy Pods Resources */,
			);
			buildRules = (
			);
			dependencies = (
			);
			name = InstaTag;
			productName = InstaTag;
			productReference = C497E58D1AC51DF200476FC9 /* InstaTag.app */;
			productType = "com.apple.product-type.application";
		};
		C497E5A51AC51DF200476FC9 /* InstaTagTests */ = {
			isa = PBXNativeTarget;
			buildConfigurationList = C497E5B31AC51DF200476FC9 /* Build configuration list for PBXNativeTarget "InstaTagTests" */;
			buildPhases = (
				C497E5A21AC51DF200476FC9 /* Sources */,
				C497E5A31AC51DF200476FC9 /* Frameworks */,
				C497E5A41AC51DF200476FC9 /* Resources */,
			);
			buildRules = (
			);
			dependencies = (
				C497E5A81AC51DF200476FC9 /* PBXTargetDependency */,
			);
			name = InstaTagTests;
			productName = InstaTagTests;
			productReference = C497E5A61AC51DF200476FC9 /* InstaTagTests.xctest */;
			productType = "com.apple.product-type.bundle.unit-test";
		};
/* End PBXNativeTarget section */

/* Begin PBXProject section */
		C497E5851AC51DF200476FC9 /* Project object */ = {
			isa = PBXProject;
			attributes = {
				LastUpgradeCheck = 0620;
				ORGANIZATIONNAME = OkStupid;
				TargetAttributes = {
					C497E58C1AC51DF200476FC9 = {
						CreatedOnToolsVersion = 6.2;
					};
					C497E5A51AC51DF200476FC9 = {
						CreatedOnToolsVersion = 6.2;
						TestTargetID = C497E58C1AC51DF200476FC9;
					};
				};
			};
			buildConfigurationList = C497E5881AC51DF200476FC9 /* Build configuration list for PBXProject "InstaTag" */;
			compatibilityVersion = "Xcode 3.2";
			developmentRegion = English;
			hasScannedForEncodings = 0;
			knownRegions = (
				en,
				Base,
			);
			mainGroup = C497E5841AC51DF200476FC9;
			productRefGroup = C497E58E1AC51DF200476FC9 /* Products */;
			projectDirPath = "";
			projectRoot = "";
			targets = (
				C497E58C1AC51DF200476FC9 /* InstaTag */,
				C497E5A51AC51DF200476FC9 /* InstaTagTests */,
			);
		};
/* End PBXProject section */

/* Begin PBXResourcesBuildPhase section */
		C497E58B1AC51DF200476FC9 /* Resources */ = {
			isa = PBXResourcesBuildPhase;
			buildActionMask = 2147483647;
			files = (
				C497E5D11AC53FAB00476FC9 /* LoginViewController.xib in Resources */,
				C497E5A11AC51DF200476FC9 /* LaunchScreen.xib in Resources */,
				C497E5C71AC538E300476FC9 /* TagViewController.xib in Resources */,
				C497E5C21AC538CD00476FC9 /* BrowseViewController.xib in Resources */,
				C497E59E1AC51DF200476FC9 /* Images.xcassets in Resources */,
			);
			runOnlyForDeploymentPostprocessing = 0;
		};
		C497E5A41AC51DF200476FC9 /* Resources */ = {
			isa = PBXResourcesBuildPhase;
			buildActionMask = 2147483647;
			files = (
			);
			runOnlyForDeploymentPostprocessing = 0;
		};
/* End PBXResourcesBuildPhase section */

/* Begin PBXShellScriptBuildPhase section */
		B1F7201423A90ACAC4158086 /* Copy Pods Resources */ = {
			isa = PBXShellScriptBuildPhase;
			buildActionMask = 2147483647;
			files = (
			);
			inputPaths = (
			);
			name = "Copy Pods Resources";
			outputPaths = (
			);
			runOnlyForDeploymentPostprocessing = 0;
			shellPath = /bin/sh;
			shellScript = "\"${SRCROOT}/Pods/Target Support Files/Pods/Pods-resources.sh\"\n";
			showEnvVarsInLog = 0;
		};
		FDE9FA4CB2C657176769A5F9 /* Check Pods Manifest.lock */ = {
			isa = PBXShellScriptBuildPhase;
			buildActionMask = 2147483647;
			files = (
			);
			inputPaths = (
			);
			name = "Check Pods Manifest.lock";
			outputPaths = (
			);
			runOnlyForDeploymentPostprocessing = 0;
			shellPath = /bin/sh;
			shellScript = "diff \"${PODS_ROOT}/../Podfile.lock\" \"${PODS_ROOT}/Manifest.lock\" > /dev/null\nif [[ $? != 0 ]] ; then\n    cat << EOM\nerror: The sandbox is not in sync with the Podfile.lock. Run 'pod install' or update your CocoaPods installation.\nEOM\n    exit 1\nfi\n";
			showEnvVarsInLog = 0;
		};
/* End PBXShellScriptBuildPhase section */

/* Begin PBXSourcesBuildPhase section */
		C497E5891AC51DF200476FC9 /* Sources */ = {
			isa = PBXSourcesBuildPhase;
			buildActionMask = 2147483647;
			files = (
				112F01AE1AC569F500FCB44D /* BOXMetadataUpdateRequest.m in Sources */,
				112F01A51AC547D600FCB44D /* BOXMetadata.m in Sources */,
				C497E5961AC51DF200476FC9 /* AppDelegate.m in Sources */,
				112F01A81AC54FB400FCB44D /* BOXMetadataInfoRequest.m in Sources */,
				C497E5D51AC5670000476FC9 /* CamFindClient.m in Sources */,
				C497E5C61AC538E300476FC9 /* TagViewController.m in Sources */,
				112F01AB1AC5621E00FCB44D /* BOXMetadataCreateRequest.m in Sources */,
				C497E5C11AC538CD00476FC9 /* BrowseViewController.m in Sources */,
				C497E5931AC51DF200476FC9 /* main.m in Sources */,
				C497E5D01AC53FAB00476FC9 /* LoginViewController.m in Sources */,
			);
			runOnlyForDeploymentPostprocessing = 0;
		};
		C497E5A21AC51DF200476FC9 /* Sources */ = {
			isa = PBXSourcesBuildPhase;
			buildActionMask = 2147483647;
			files = (
				C497E5AD1AC51DF200476FC9 /* InstaTagTests.m in Sources */,
			);
			runOnlyForDeploymentPostprocessing = 0;
		};
/* End PBXSourcesBuildPhase section */

/* Begin PBXTargetDependency section */
		C497E5A81AC51DF200476FC9 /* PBXTargetDependency */ = {
			isa = PBXTargetDependency;
			target = C497E58C1AC51DF200476FC9 /* InstaTag */;
			targetProxy = C497E5A71AC51DF200476FC9 /* PBXContainerItemProxy */;
		};
/* End PBXTargetDependency section */

/* Begin PBXVariantGroup section */
		C497E59F1AC51DF200476FC9 /* LaunchScreen.xib */ = {
			isa = PBXVariantGroup;
			children = (
				C497E5A01AC51DF200476FC9 /* Base */,
			);
			name = LaunchScreen.xib;
			sourceTree = "<group>";
		};
/* End PBXVariantGroup section */

/* Begin XCBuildConfiguration section */
		C497E5AE1AC51DF200476FC9 /* Debug */ = {
			isa = XCBuildConfiguration;
			buildSettings = {
				ALWAYS_SEARCH_USER_PATHS = NO;
				CLANG_CXX_LANGUAGE_STANDARD = "gnu++0x";
				CLANG_CXX_LIBRARY = "libc++";
				CLANG_ENABLE_MODULES = YES;
				CLANG_ENABLE_OBJC_ARC = YES;
				CLANG_WARN_BOOL_CONVERSION = YES;
				CLANG_WARN_CONSTANT_CONVERSION = YES;
				CLANG_WARN_DIRECT_OBJC_ISA_USAGE = YES_ERROR;
				CLANG_WARN_EMPTY_BODY = YES;
				CLANG_WARN_ENUM_CONVERSION = YES;
				CLANG_WARN_INT_CONVERSION = YES;
				CLANG_WARN_OBJC_ROOT_CLASS = YES_ERROR;
				CLANG_WARN_UNREACHABLE_CODE = YES;
				CLANG_WARN__DUPLICATE_METHOD_MATCH = YES;
				"CODE_SIGN_IDENTITY[sdk=iphoneos*]" = "iPhone Developer";
				COPY_PHASE_STRIP = NO;
				ENABLE_STRICT_OBJC_MSGSEND = YES;
				GCC_C_LANGUAGE_STANDARD = gnu99;
				GCC_DYNAMIC_NO_PIC = NO;
				GCC_OPTIMIZATION_LEVEL = 0;
				GCC_PREPROCESSOR_DEFINITIONS = (
					"DEBUG=1",
					"$(inherited)",
				);
				GCC_SYMBOLS_PRIVATE_EXTERN = NO;
				GCC_WARN_64_TO_32_BIT_CONVERSION = YES;
				GCC_WARN_ABOUT_RETURN_TYPE = YES_ERROR;
				GCC_WARN_UNDECLARED_SELECTOR = YES;
				GCC_WARN_UNINITIALIZED_AUTOS = YES_AGGRESSIVE;
				GCC_WARN_UNUSED_FUNCTION = YES;
				GCC_WARN_UNUSED_VARIABLE = YES;
				IPHONEOS_DEPLOYMENT_TARGET = 8.2;
				MTL_ENABLE_DEBUG_INFO = YES;
				ONLY_ACTIVE_ARCH = YES;
				SDKROOT = iphoneos;
			};
			name = Debug;
		};
		C497E5AF1AC51DF200476FC9 /* Release */ = {
			isa = XCBuildConfiguration;
			buildSettings = {
				ALWAYS_SEARCH_USER_PATHS = NO;
				CLANG_CXX_LANGUAGE_STANDARD = "gnu++0x";
				CLANG_CXX_LIBRARY = "libc++";
				CLANG_ENABLE_MODULES = YES;
				CLANG_ENABLE_OBJC_ARC = YES;
				CLANG_WARN_BOOL_CONVERSION = YES;
				CLANG_WARN_CONSTANT_CONVERSION = YES;
				CLANG_WARN_DIRECT_OBJC_ISA_USAGE = YES_ERROR;
				CLANG_WARN_EMPTY_BODY = YES;
				CLANG_WARN_ENUM_CONVERSION = YES;
				CLANG_WARN_INT_CONVERSION = YES;
				CLANG_WARN_OBJC_ROOT_CLASS = YES_ERROR;
				CLANG_WARN_UNREACHABLE_CODE = YES;
				CLANG_WARN__DUPLICATE_METHOD_MATCH = YES;
				"CODE_SIGN_IDENTITY[sdk=iphoneos*]" = "iPhone Developer";
				COPY_PHASE_STRIP = NO;
				ENABLE_NS_ASSERTIONS = NO;
				ENABLE_STRICT_OBJC_MSGSEND = YES;
				GCC_C_LANGUAGE_STANDARD = gnu99;
				GCC_WARN_64_TO_32_BIT_CONVERSION = YES;
				GCC_WARN_ABOUT_RETURN_TYPE = YES_ERROR;
				GCC_WARN_UNDECLARED_SELECTOR = YES;
				GCC_WARN_UNINITIALIZED_AUTOS = YES_AGGRESSIVE;
				GCC_WARN_UNUSED_FUNCTION = YES;
				GCC_WARN_UNUSED_VARIABLE = YES;
				IPHONEOS_DEPLOYMENT_TARGET = 8.2;
				MTL_ENABLE_DEBUG_INFO = NO;
				SDKROOT = iphoneos;
				VALIDATE_PRODUCT = YES;
			};
			name = Release;
		};
		C497E5B11AC51DF200476FC9 /* Debug */ = {
			isa = XCBuildConfiguration;
			baseConfigurationReference = 99C4941343C342BD4AB1D695 /* Pods.debug.xcconfig */;
			buildSettings = {
				ASSETCATALOG_COMPILER_APPICON_NAME = AppIcon;
				INFOPLIST_FILE = InstaTag/Info.plist;
				LD_RUNPATH_SEARCH_PATHS = "$(inherited) @executable_path/Frameworks";
				PRODUCT_NAME = "$(TARGET_NAME)";
			};
			name = Debug;
		};
		C497E5B21AC51DF200476FC9 /* Release */ = {
			isa = XCBuildConfiguration;
			baseConfigurationReference = 4852EB4A7EDF1669DD3C67CA /* Pods.release.xcconfig */;
			buildSettings = {
				ASSETCATALOG_COMPILER_APPICON_NAME = AppIcon;
				INFOPLIST_FILE = InstaTag/Info.plist;
				LD_RUNPATH_SEARCH_PATHS = "$(inherited) @executable_path/Frameworks";
				PRODUCT_NAME = "$(TARGET_NAME)";
			};
			name = Release;
		};
		C497E5B41AC51DF200476FC9 /* Debug */ = {
			isa = XCBuildConfiguration;
			buildSettings = {
				BUNDLE_LOADER = "$(TEST_HOST)";
				FRAMEWORK_SEARCH_PATHS = (
					"$(SDKROOT)/Developer/Library/Frameworks",
					"$(inherited)",
				);
				GCC_PREPROCESSOR_DEFINITIONS = (
					"DEBUG=1",
					"$(inherited)",
				);
				INFOPLIST_FILE = InstaTagTests/Info.plist;
				LD_RUNPATH_SEARCH_PATHS = "$(inherited) @executable_path/Frameworks @loader_path/Frameworks";
				PRODUCT_NAME = "$(TARGET_NAME)";
				TEST_HOST = "$(BUILT_PRODUCTS_DIR)/InstaTag.app/InstaTag";
			};
			name = Debug;
		};
		C497E5B51AC51DF200476FC9 /* Release */ = {
			isa = XCBuildConfiguration;
			buildSettings = {
				BUNDLE_LOADER = "$(TEST_HOST)";
				FRAMEWORK_SEARCH_PATHS = (
					"$(SDKROOT)/Developer/Library/Frameworks",
					"$(inherited)",
				);
				INFOPLIST_FILE = InstaTagTests/Info.plist;
				LD_RUNPATH_SEARCH_PATHS = "$(inherited) @executable_path/Frameworks @loader_path/Frameworks";
				PRODUCT_NAME = "$(TARGET_NAME)";
				TEST_HOST = "$(BUILT_PRODUCTS_DIR)/InstaTag.app/InstaTag";
			};
			name = Release;
		};
/* End XCBuildConfiguration section */

/* Begin XCConfigurationList section */
		C497E5881AC51DF200476FC9 /* Build configuration list for PBXProject "InstaTag" */ = {
			isa = XCConfigurationList;
			buildConfigurations = (
				C497E5AE1AC51DF200476FC9 /* Debug */,
				C497E5AF1AC51DF200476FC9 /* Release */,
			);
			defaultConfigurationIsVisible = 0;
			defaultConfigurationName = Release;
		};
		C497E5B01AC51DF200476FC9 /* Build configuration list for PBXNativeTarget "InstaTag" */ = {
			isa = XCConfigurationList;
			buildConfigurations = (
				C497E5B11AC51DF200476FC9 /* Debug */,
				C497E5B21AC51DF200476FC9 /* Release */,
			);
			defaultConfigurationIsVisible = 0;
			defaultConfigurationName = Release;
		};
		C497E5B31AC51DF200476FC9 /* Build configuration list for PBXNativeTarget "InstaTagTests" */ = {
			isa = XCConfigurationList;
			buildConfigurations = (
				C497E5B41AC51DF200476FC9 /* Debug */,
				C497E5B51AC51DF200476FC9 /* Release */,
			);
			defaultConfigurationIsVisible = 0;
			defaultConfigurationName = Release;
		};
/* End XCConfigurationList section */
	};
	rootObject = C497E5851AC51DF200476FC9 /* Project object */;
}
